
Microsoft Visual Studio Solution File, Format Version 12.00
# Visual Studio Version 17
VisualStudioVersion = 17.7.34031.279
MinimumVisualStudioVersion = 10.0.40219.1
Project("{FAE04EC0-301F-11D3-BF4B-00C04F79EFBC}") = "Lab1.Kruchinina.High.lvl.", "..\Lab1.Kruchinina.High.lvl\Lab1.Kruchinina.High.lvl\Lab1.Kruchinina.High.lvl..csproj", "{02C43E3D-E585-4C91-999C-A04C61232C82}"
EndProject
Global
	GlobalSection(SolutionConfigurationPlatforms) = preSolution
		Debug|Any CPU = Debug|Any CPU
		Release|Any CPU = Release|Any CPU
	EndGlobalSection
	GlobalSection(ProjectConfigurationPlatforms) = postSolution
		{02C43E3D-E585-4C91-999C-A04C61232C82}.Debug|Any CPU.ActiveCfg = Debug|Any CPU
		{02C43E3D-E585-4C91-999C-A04C61232C82}.Debug|Any CPU.Build.0 = Debug|Any CPU
		{02C43E3D-E585-4C91-999C-A04C61232C82}.Release|Any CPU.ActiveCfg = Release|Any CPU
		{02C43E3D-E585-4C91-999C-A04C61232C82}.Release|Any CPU.Build.0 = Release|Any CPU
	EndGlobalSection
	GlobalSection(SolutionProperties) = preSolution
		HideSolutionNode = FALSE
	EndGlobalSection
	GlobalSection(ExtensibilityGlobals) = postSolution
		SolutionGuid = {31D0F620-67AF-46D4-8C5A-ABBE37446EC7}
	EndGlobalSection
EndGlobal
